
Microsoft Visual Studio Solution File, Format Version 12.00
# Visual Studio Version 17
VisualStudioVersion = 17.6.33723.286
MinimumVisualStudioVersion = 10.0.40219.1
Project("{9A19103F-16F7-4668-BE54-9A1E7A4F7556}") = "MVVM_App", "MVVM_App.csproj", "{FE69F0CF-EFBD-4B85-8BD8-C3B040E9B067}"
EndProject
Global
	GlobalSection(SolutionConfigurationPlatforms) = preSolution
		Debug|Any CPU = Debug|Any CPU
		Release|Any CPU = Release|Any CPU
	EndGlobalSection
	GlobalSection(ProjectConfigurationPlatforms) = postSolution
		{FE69F0CF-EFBD-4B85-8BD8-C3B040E9B067}.Debug|Any CPU.ActiveCfg = Debug|Any CPU
		{FE69F0CF-EFBD-4B85-8BD8-C3B040E9B067}.Debug|Any CPU.Build.0 = Debug|Any CPU
		{FE69F0CF-EFBD-4B85-8BD8-C3B040E9B067}.Release|Any CPU.ActiveCfg = Release|Any CPU
		{FE69F0CF-EFBD-4B85-8BD8-C3B040E9B067}.Release|Any CPU.Build.0 = Release|Any CPU
	EndGlobalSection
	GlobalSection(SolutionProperties) = preSolution
		HideSolutionNode = FALSE
	EndGlobalSection
	GlobalSection(ExtensibilityGlobals) = postSolution
		SolutionGuid = {B0D292FA-C3E5-45E6-A0CE-1BD91B41C451}
	EndGlobalSection
EndGlobal
